
Microsoft Visual Studio Solution File, Format Version 12.00
# Visual Studio Version 16
VisualStudioVersion = 16.0.29519.87
MinimumVisualStudioVersion = 10.0.40219.1
Project("{FAE04EC0-301F-11D3-BF4B-00C04F79EFBC}") = "jasnosc_kontrast", "jasnosc_kontrast\jasnosc_kontrast.csproj", "{02F7A34B-BB40-4075-B1F8-5F483B8DFB6E}"
EndProject
Global
	GlobalSection(SolutionConfigurationPlatforms) = preSolution
		Debug|Any CPU = Debug|Any CPU
		Release|Any CPU = Release|Any CPU
	EndGlobalSection
	GlobalSection(ProjectConfigurationPlatforms) = postSolution
		{02F7A34B-BB40-4075-B1F8-5F483B8DFB6E}.Debug|Any CPU.ActiveCfg = Debug|Any CPU
		{02F7A34B-BB40-4075-B1F8-5F483B8DFB6E}.Debug|Any CPU.Build.0 = Debug|Any CPU
		{02F7A34B-BB40-4075-B1F8-5F483B8DFB6E}.Release|Any CPU.ActiveCfg = Release|Any CPU
		{02F7A34B-BB40-4075-B1F8-5F483B8DFB6E}.Release|Any CPU.Build.0 = Release|Any CPU
	EndGlobalSection
	GlobalSection(SolutionProperties) = preSolution
		HideSolutionNode = FALSE
	EndGlobalSection
	GlobalSection(ExtensibilityGlobals) = postSolution
		SolutionGuid = {AC243280-6DFD-447B-BECC-A36F9BDB6580}
	EndGlobalSection
EndGlobal
